// !$*UTF8*$!
{
	archiveVersion = 1;
	classes = {
	};
	objectVersion = 50;
	objects = {

/* Begin PBXBuildFile section */
		6F94A50B20D9ECAA00F53BB8 /* AppDelegate.swift in Sources */ = {isa = PBXBuildFile; fileRef = 6F94A50A20D9ECAA00F53BB8 /* AppDelegate.swift */; };
		6F94A51020D9ECAA00F53BB8 /* Main.storyboard in Resources */ = {isa = PBXBuildFile; fileRef = 6F94A50E20D9ECAA00F53BB8 /* Main.storyboard */; };
		6F94A51220D9ECAB00F53BB8 /* Assets.xcassets in Resources */ = {isa = PBXBuildFile; fileRef = 6F94A51120D9ECAB00F53BB8 /* Assets.xcassets */; };
		6F94A51520D9ECAB00F53BB8 /* LaunchScreen.storyboard in Resources */ = {isa = PBXBuildFile; fileRef = 6F94A51320D9ECAB00F53BB8 /* LaunchScreen.storyboard */; };
		6F94A51E20D9F2A600F53BB8 /* MainViewController.swift in Sources */ = {isa = PBXBuildFile; fileRef = 6F94A51D20D9F2A600F53BB8 /* MainViewController.swift */; };
/* End PBXBuildFile section */

/* Begin PBXFileReference section */
		6F94A50720D9ECAA00F53BB8 /* LazyTableImages.app */ = {isa = PBXFileReference; explicitFileType = wrapper.application; includeInIndex = 0; path = LazyTableImages.app; sourceTree = BUILT_PRODUCTS_DIR; };
		6F94A50A20D9ECAA00F53BB8 /* AppDelegate.swift */ = {isa = PBXFileReference; lastKnownFileType = sourcecode.swift; path = AppDelegate.swift; sourceTree = "<group>"; };
		6F94A50F20D9ECAA00F53BB8 /* Base */ = {isa = PBXFileReference; lastKnownFileType = file.storyboard; name = Base; path = Base.lproj/Main.storyboard; sourceTree = "<group>"; };
		6F94A51120D9ECAB00F53BB8 /* Assets.xcassets */ = {isa = PBXFileReference; lastKnownFileType = folder.assetcatalog; path = Assets.xcassets; sourceTree = "<group>"; };
		6F94A51420D9ECAB00F53BB8 /* Base */ = {isa = PBXFileReference; lastKnownFileType = file.storyboard; name = Base; path = Base.lproj/LaunchScreen.storyboard; sourceTree = "<group>"; };
		6F94A51620D9ECAB00F53BB8 /* Info.plist */ = {isa = PBXFileReference; lastKnownFileType = text.plist.xml; path = Info.plist; sourceTree = "<group>"; };
		6F94A51D20D9F2A600F53BB8 /* MainViewController.swift */ = {isa = PBXFileReference; lastKnownFileType = sourcecode.swift; path = MainViewController.swift; sourceTree = "<group>"; };
/* End PBXFileReference section */

/* Begin PBXFrameworksBuildPhase section */
		6F94A50420D9ECAA00F53BB8 /* Frameworks */ = {
			isa = PBXFrameworksBuildPhase;
			buildActionMask = 2147483647;
			files = (
			);
			runOnlyForDeploymentPostprocessing = 0;
		};
/* End PBXFrameworksBuildPhase section */

/* Begin PBXGroup section */
		6F94A4FE20D9ECAA00F53BB8 = {
			isa = PBXGroup;
			children = (
				6F94A50920D9ECAA00F53BB8 /* LazyTableImages */,
				6F94A50820D9ECAA00F53BB8 /* Products */,
			);
			sourceTree = "<group>";
		};
		6F94A50820D9ECAA00F53BB8 /* Products */ = {
			isa = PBXGroup;
			children = (
				6F94A50720D9ECAA00F53BB8 /* LazyTableImages.app */,
			);
			name = Products;
			sourceTree = "<group>";
		};
		6F94A50920D9ECAA00F53BB8 /* LazyTableImages */ = {
			isa = PBXGroup;
			children = (
				6F94A51C20D9F29E00F53BB8 /* ViewControllers */,
				6F94A50A20D9ECAA00F53BB8 /* AppDelegate.swift */,
				6F94A50E20D9ECAA00F53BB8 /* Main.storyboard */,
				6F94A51120D9ECAB00F53BB8 /* Assets.xcassets */,
				6F94A51320D9ECAB00F53BB8 /* LaunchScreen.storyboard */,
				6F94A51620D9ECAB00F53BB8 /* Info.plist */,
			);
			path = LazyTableImages;
			sourceTree = "<group>";
		};
		6F94A51C20D9F29E00F53BB8 /* ViewControllers */ = {
			isa = PBXGroup;
			children = (
				6F94A51D20D9F2A600F53BB8 /* MainViewController.swift */,
			);
			path = ViewControllers;
			sourceTree = "<group>";
		};
/* End PBXGroup section */

/* Begin PBXNativeTarget section */
		6F94A50620D9ECAA00F53BB8 /* LazyTableImages */ = {
			isa = PBXNativeTarget;
			buildConfigurationList = 6F94A51920D9ECAB00F53BB8 /* Build configuration list for PBXNativeTarget "LazyTableImages" */;
			buildPhases = (
				6F94A50320D9ECAA00F53BB8 /* Sources */,
				6F94A50420D9ECAA00F53BB8 /* Frameworks */,
				6F94A50520D9ECAA00F53BB8 /* Resources */,
			);
			buildRules = (
			);
			dependencies = (
			);
			name = LazyTableImages;
			productName = LazyTableImages;
			productReference = 6F94A50720D9ECAA00F53BB8 /* LazyTableImages.app */;
			productType = "com.apple.product-type.application";
		};
/* End PBXNativeTarget section */

/* Begin PBXProject section */
		6F94A4FF20D9ECAA00F53BB8 /* Project object */ = {
			isa = PBXProject;
			attributes = {
				LastSwiftUpdateCheck = 0940;
				LastUpgradeCheck = 0940;
				ORGANIZATIONNAME = seoju;
				TargetAttributes = {
					6F94A50620D9ECAA00F53BB8 = {
						CreatedOnToolsVersion = 9.4.1;
					};
				};
			};
			buildConfigurationList = 6F94A50220D9ECAA00F53BB8 /* Build configuration list for PBXProject "LazyTableImages" */;
			compatibilityVersion = "Xcode 9.3";
			developmentRegion = en;
			hasScannedForEncodings = 0;
			knownRegions = (
				en,
				Base,
			);
			mainGroup = 6F94A4FE20D9ECAA00F53BB8;
			productRefGroup = 6F94A50820D9ECAA00F53BB8 /* Products */;
			projectDirPath = "";
			projectRoot = "";
			targets = (
				6F94A50620D9ECAA00F53BB8 /* LazyTableImages */,
			);
		};
/* End PBXProject section */

/* Begin PBXResourcesBuildPhase section */
		6F94A50520D9ECAA00F53BB8 /* Resources */ = {
			isa = PBXResourcesBuildPhase;
			buildActionMask = 2147483647;
			files = (
				6F94A51520D9ECAB00F53BB8 /* LaunchScreen.storyboard in Resources */,
				6F94A51220D9ECAB00F53BB8 /* Assets.xcassets in Resources */,
				6F94A51020D9ECAA00F53BB8 /* Main.storyboard in Resources */,
			);
			runOnlyForDeploymentPostprocessing = 0;
		};
/* End PBXResourcesBuildPhase section */

/* Begin PBXSourcesBuildPhase section */
		6F94A50320D9ECAA00F53BB8 /* Sources */ = {
			isa = PBXSourcesBuildPhase;
			buildActionMask = 2147483647;
			files = (
				6F94A51E20D9F2A600F53BB8 /* MainViewController.swift in Sources */,
				6F94A50B20D9ECAA00F53BB8 /* AppDelegate.swift in Sources */,
			);
			runOnlyForDeploymentPostprocessing = 0;
		};
/* End PBXSourcesBuildPhase section */

/* Begin PBXVariantGroup section */
		6F94A50E20D9ECAA00F53BB8 /* Main.storyboard */ = {
			isa = PBXVariantGroup;
			children = (
				6F94A50F20D9ECAA00F53BB8 /* Base */,
			);
			name = Main.storyboard;
			sourceTree = "<group>";
		};
		6F94A51320D9ECAB00F53BB8 /* LaunchScreen.storyboard */ = {
			isa = PBXVariantGroup;
			children = (
				6F94A51420D9ECAB00F53BB8 /* Base */,
			);
			name = LaunchScreen.storyboard;
			sourceTree = "<group>";
		};
/* End PBXVariantGroup section */

/* Begin XCBuildConfiguration section */
		6F94A51720D9ECAB00F53BB8 /* Debug */ = {
			isa = XCBuildConfiguration;
			buildSettings = {
				ALWAYS_SEARCH_USER_PATHS = NO;
				CLANG_ANALYZER_NONNULL = YES;
				CLANG_ANALYZER_NUMBER_OBJECT_CONVERSION = YES_AGGRESSIVE;
				CLANG_CXX_LANGUAGE_STANDARD = "gnu++14";
				CLANG_CXX_LIBRARY = "libc++";
				CLANG_ENABLE_MODULES = YES;
				CLANG_ENABLE_OBJC_ARC = YES;
				CLANG_ENABLE_OBJC_WEAK = YES;
				CLANG_WARN_BLOCK_CAPTURE_AUTORELEASING = YES;
				CLANG_WARN_BOOL_CONVERSION = YES;
				CLANG_WARN_COMMA = YES;
				CLANG_WARN_CONSTANT_CONVERSION = YES;
				CLANG_WARN_DEPRECATED_OBJC_IMPLEMENTATIONS = YES;
				CLANG_WARN_DIRECT_OBJC_ISA_USAGE = YES_ERROR;
				CLANG_WARN_DOCUMENTATION_COMMENTS = YES;
				CLANG_WARN_EMPTY_BODY = YES;
				CLANG_WARN_ENUM_CONVERSION = YES;
				CLANG_WARN_INFINITE_RECURSION = YES;
				CLANG_WARN_INT_CONVERSION = YES;
				CLANG_WARN_NON_LITERAL_NULL_CONVERSION = YES;
				CLANG_WARN_OBJC_IMPLICIT_RETAIN_SELF = YES;
				CLANG_WARN_OBJC_LITERAL_CONVERSION = YES;
				CLANG_WARN_OBJC_ROOT_CLASS = YES_ERROR;
				CLANG_WARN_RANGE_LOOP_ANALYSIS = YES;
				CLANG_WARN_STRICT_PROTOTYPES = YES;
				CLANG_WARN_SUSPICIOUS_MOVE = YES;
				CLANG_WARN_UNGUARDED_AVAILABILITY = YES_AGGRESSIVE;
				CLANG_WARN_UNREACHABLE_CODE = YES;
				CLANG_WARN__DUPLICATE_METHOD_MATCH = YES;
				CODE_SIGN_IDENTITY = "iPhone Developer";
				COPY_PHASE_STRIP = NO;
				DEBUG_INFORMATION_FORMAT = dwarf;
				ENABLE_STRICT_OBJC_MSGSEND = YES;
				ENABLE_TESTABILITY = YES;
				GCC_C_LANGUAGE_STANDARD = gnu11;
				GCC_DYNAMIC_NO_PIC = NO;
				GCC_NO_COMMON_BLOCKS = YES;
				GCC_OPTIMIZATION_LEVEL = 0;
				GCC_PREPROCESSOR_DEFINITIONS = (
					"DEBUG=1",
					"$(inherited)",
				);
				GCC_WARN_64_TO_32_BIT_CONVERSION = YES;
				GCC_WARN_ABOUT_RETURN_TYPE = YES_ERROR;
				GCC_WARN_UNDECLARED_SELECTOR = YES;
				GCC_WARN_UNINITIALIZED_AUTOS = YES_AGGRESSIVE;
				GCC_WARN_UNUSED_FUNCTION = YES;
				GCC_WARN_UNUSED_VARIABLE = YES;
				IPHONEOS_DEPLOYMENT_TARGET = 11.4;
				MTL_ENABLE_DEBUG_INFO = YES;
				ONLY_ACTIVE_ARCH = YES;
				SDKROOT = iphoneos;
				SWIFT_ACTIVE_COMPILATION_CONDITIONS = DEBUG;
				SWIFT_OPTIMIZATION_LEVEL = "-Onone";
			};
			name = Debug;
		};
		6F94A51820D9ECAB00F53BB8 /* Release */ = {
			isa = XCBuildConfiguration;
			buildSettings = {
				ALWAYS_SEARCH_USER_PATHS = NO;
				CLANG_ANALYZER_NONNULL = YES;
				CLANG_ANALYZER_NUMBER_OBJECT_CONVERSION = YES_AGGRESSIVE;
				CLANG_CXX_LANGUAGE_STANDARD = "gnu++14";
				CLANG_CXX_LIBRARY = "libc++";
				CLANG_ENABLE_MODULES = YES;
				CLANG_ENABLE_OBJC_ARC = YES;
				CLANG_ENABLE_OBJC_WEAK = YES;
				CLANG_WARN_BLOCK_CAPTURE_AUTORELEASING = YES;
				CLANG_WARN_BOOL_CONVERSION = YES;
				CLANG_WARN_COMMA = YES;
				CLANG_WARN_CONSTANT_CONVERSION = YES;
				CLANG_WARN_DEPRECATED_OBJC_IMPLEMENTATIONS = YES;
				CLANG_WARN_DIRECT_OBJC_ISA_USAGE = YES_ERROR;
				CLANG_WARN_DOCUMENTATION_COMMENTS = YES;
				CLANG_WARN_EMPTY_BODY = YES;
				CLANG_WARN_ENUM_CONVERSION = YES;
				CLANG_WARN_INFINITE_RECURSION = YES;
				CLANG_WARN_INT_CONVERSION = YES;
				CLANG_WARN_NON_LITERAL_NULL_CONVERSION = YES;
				CLANG_WARN_OBJC_IMPLICIT_RETAIN_SELF = YES;
				CLANG_WARN_OBJC_LITERAL_CONVERSION = YES;
				CLANG_WARN_OBJC_ROOT_CLASS = YES_ERROR;
				CLANG_WARN_RANGE_LOOP_ANALYSIS = YES;
				CLANG_WARN_STRICT_PROTOTYPES = YES;
				CLANG_WARN_SUSPICIOUS_MOVE = YES;
				CLANG_WARN_UNGUARDED_AVAILABILITY = YES_AGGRESSIVE;
				CLANG_WARN_UNREACHABLE_CODE = YES;
				CLANG_WARN__DUPLICATE_METHOD_MATCH = YES;
				CODE_SIGN_IDENTITY = "iPhone Developer";
				COPY_PHASE_STRIP = NO;
				DEBUG_INFORMATION_FORMAT = "dwarf-with-dsym";
				ENABLE_NS_ASSERTIONS = NO;
				ENABLE_STRICT_OBJC_MSGSEND = YES;
				GCC_C_LANGUAGE_STANDARD = gnu11;
				GCC_NO_COMMON_BLOCKS = YES;
				GCC_WARN_64_TO_32_BIT_CONVERSION = YES;
				GCC_WARN_ABOUT_RETURN_TYPE = YES_ERROR;
				GCC_WARN_UNDECLARED_SELECTOR = YES;
				GCC_WARN_UNINITIALIZED_AUTOS = YES_AGGRESSIVE;
				GCC_WARN_UNUSED_FUNCTION = YES;
				GCC_WARN_UNUSED_VARIABLE = YES;
				IPHONEOS_DEPLOYMENT_TARGET = 11.4;
				MTL_ENABLE_DEBUG_INFO = NO;
				SDKROOT = iphoneos;
				SWIFT_COMPILATION_MODE = wholemodule;
				SWIFT_OPTIMIZATION_LEVEL = "-O";
				VALIDATE_PRODUCT = YES;
			};
			name = Release;
		};
		6F94A51A20D9ECAB00F53BB8 /* Debug */ = {
			isa = XCBuildConfiguration;
			buildSettings = {
				ASSETCATALOG_COMPILER_APPICON_NAME = AppIcon;
				CODE_SIGN_STYLE = Automatic;
				DEVELOPMENT_TEAM = X3VD3468HW;
				INFOPLIST_FILE = LazyTableImages/Info.plist;
				LD_RUNPATH_SEARCH_PATHS = (
					"$(inherited)",
					"@executable_path/Frameworks",
				);
				PRODUCT_BUNDLE_IDENTIFIER = com.seoju.LazyTableImages;
				PRODUCT_NAME = "$(TARGET_NAME)";
				SWIFT_VERSION = 4.0;
				TARGETED_DEVICE_FAMILY = "1,2";
			};
			name = Debug;
		};
		6F94A51B20D9ECAB00F53BB8 /* Release */ = {
			isa = XCBuildConfiguration;
			buildSettings = {
				ASSETCATALOG_COMPILER_APPICON_NAME = AppIcon;
				CODE_SIGN_STYLE = Automatic;
				DEVELOPMENT_TEAM = X3VD3468HW;
				INFOPLIST_FILE = LazyTableImages/Info.plist;
				LD_RUNPATH_SEARCH_PATHS = (
					"$(inherited)",
					"@executable_path/Frameworks",
				);
				PRODUCT_BUNDLE_IDENTIFIER = com.seoju.LazyTableImages;
				PRODUCT_NAME = "$(TARGET_NAME)";
				SWIFT_VERSION = 4.0;
				TARGETED_DEVICE_FAMILY = "1,2";
			};
			name = Release;
		};
/* End XCBuildConfiguration section */

/* Begin XCConfigurationList section */
		6F94A50220D9ECAA00F53BB8 /* Build configuration list for PBXProject "LazyTableImages" */ = {
			isa = XCConfigurationList;
			buildConfigurations = (
				6F94A51720D9ECAB00F53BB8 /* Debug */,
				6F94A51820D9ECAB00F53BB8 /* Release */,
			);
			defaultConfigurationIsVisible = 0;
			defaultConfigurationName = Release;
		};
		6F94A51920D9ECAB00F53BB8 /* Build configuration list for PBXNativeTarget "LazyTableImages" */ = {
			isa = XCConfigurationList;
			buildConfigurations = (
				6F94A51A20D9ECAB00F53BB8 /* Debug */,
				6F94A51B20D9ECAB00F53BB8 /* Release */,
			);
			defaultConfigurationIsVisible = 0;
			defaultConfigurationName = Release;
		};
/* End XCConfigurationList section */
	};
	rootObject = 6F94A4FF20D9ECAA00F53BB8 /* Project object */;
}
